
Microsoft Visual Studio Solution File, Format Version 12.00
# Visual Studio Version 17
VisualStudioVersion = 17.5.002.0
MinimumVisualStudioVersion = 10.0.40219.1
Project("{9A19103F-16F7-4668-BE54-9A1E7A4F7556}") = "ApiApplication", "ApiApplication\ApiApplication.csproj", "{BDE2DB74-10BD-4F7E-9A58-B76E896EFA57}"
EndProject
Project("{FAE04EC0-301F-11D3-BF4B-00C04F79EFBC}") = "AppData", "AppData\AppData.csproj", "{8E4891AE-CA5C-456F-8728-46FF8910E452}"
EndProject
Project("{FAE04EC0-301F-11D3-BF4B-00C04F79EFBC}") = "AppService", "AppService\AppService.csproj", "{F3D2B38A-0A4E-43BD-8147-9ADDAA6D647F}"
EndProject
Global
	GlobalSection(SolutionConfigurationPlatforms) = preSolution
		Debug|Any CPU = Debug|Any CPU
		Release|Any CPU = Release|Any CPU
	EndGlobalSection
	GlobalSection(ProjectConfigurationPlatforms) = postSolution
		{BDE2DB74-10BD-4F7E-9A58-B76E896EFA57}.Debug|Any CPU.ActiveCfg = Debug|Any CPU
		{BDE2DB74-10BD-4F7E-9A58-B76E896EFA57}.Debug|Any CPU.Build.0 = Debug|Any CPU
		{BDE2DB74-10BD-4F7E-9A58-B76E896EFA57}.Release|Any CPU.ActiveCfg = Release|Any CPU
		{BDE2DB74-10BD-4F7E-9A58-B76E896EFA57}.Release|Any CPU.Build.0 = Release|Any CPU
		{8E4891AE-CA5C-456F-8728-46FF8910E452}.Debug|Any CPU.ActiveCfg = Debug|Any CPU
		{8E4891AE-CA5C-456F-8728-46FF8910E452}.Debug|Any CPU.Build.0 = Debug|Any CPU
		{8E4891AE-CA5C-456F-8728-46FF8910E452}.Release|Any CPU.ActiveCfg = Release|Any CPU
		{8E4891AE-CA5C-456F-8728-46FF8910E452}.Release|Any CPU.Build.0 = Release|Any CPU
		{F3D2B38A-0A4E-43BD-8147-9ADDAA6D647F}.Debug|Any CPU.ActiveCfg = Debug|Any CPU
		{F3D2B38A-0A4E-43BD-8147-9ADDAA6D647F}.Debug|Any CPU.Build.0 = Debug|Any CPU
		{F3D2B38A-0A4E-43BD-8147-9ADDAA6D647F}.Release|Any CPU.ActiveCfg = Release|Any CPU
		{F3D2B38A-0A4E-43BD-8147-9ADDAA6D647F}.Release|Any CPU.Build.0 = Release|Any CPU
	EndGlobalSection
	GlobalSection(SolutionProperties) = preSolution
		HideSolutionNode = FALSE
	EndGlobalSection
	GlobalSection(ExtensibilityGlobals) = postSolution
		SolutionGuid = {DEC0DEB2-3B21-4505-848A-C3EA2AAEF177}
	EndGlobalSection
EndGlobal
